# Generated by pub
# See https://dart.dev/tools/pub/glossary#lockfile
packages:
  _flutterfire_internals:
    dependency: transitive
    description:
      name: _flutterfire_internals
      sha256: "3ff770dfff04a67b0863dff205a0936784de1b87a5e99b11c693fc10e66a9ce3"
      url: "https://pub.dev"
    source: hosted
    version: "1.0.12"
  archive:
    dependency: transitive
    description:
      name: archive
      sha256: "793964beb8e297995714326628881437d4211f10fc8843534bab54129cd896ee"
      url: "https://pub.dev"
    source: hosted
    version: "3.3.1"
  args:
    dependency: transitive
    description:
      name: args
      sha256: b003c3098049a51720352d219b0bb5f219b60fbfb68e7a4748139a06a5676515
      url: "https://pub.dev"
    source: hosted
    version: "2.3.1"
  asn1lib:
    dependency: transitive
    description:
      name: asn1lib
      sha256: c273725e171cea7e69c8953181202a2850297bcc7617916d83b396cd791a2dcd
      url: "https://pub.dev"
    source: hosted
    version: "1.1.0"
  async:
    dependency: "direct main"
    description:
      name: async
      sha256: "947bfcf187f74dbc5e146c9eb9c0f10c9f8b30743e341481c1e2ed3ecc18c20c"
      url: "https://pub.dev"
    source: hosted
    version: "2.11.0"
  audio_session:
    dependency: transitive
    description:
      name: audio_session
      sha256: e4acc4e9eaa32436dfc5d7aed7f0a370f2d7bb27ee27de30d6c4f220c2a05c73
      url: "https://pub.dev"
    source: hosted
    version: "0.1.13"
  boolean_selector:
    dependency: transitive
    description:
      name: boolean_selector
      sha256: "6cfb5af12253eaf2b368f07bacc5a80d1301a071c73360d746b7f2e32d762c66"
      url: "https://pub.dev"
    source: hosted
    version: "2.1.1"
  bottom_inset_observer:
    dependency: transitive
    description:
      name: bottom_inset_observer
      sha256: cbfb01e0e07cc4922052701786d5e607765a6f54e1844f41061abf8744519a7d
      url: "https://pub.dev"
    source: hosted
    version: "3.1.0"
  bottom_sheet:
    dependency: "direct main"
    description:
      name: bottom_sheet
      sha256: "7a3d4a1515eba91a7d9e1359e49416147de339889170fc879a8b905d27958c94"
      url: "https://pub.dev"
    source: hosted
    version: "3.1.2"
  cached_network_image:
    dependency: transitive
    description:
      name: cached_network_image
      sha256: fd3d0dc1d451f9a252b32d95d3f0c3c487bc41a75eba2e6097cb0b9c71491b15
      url: "https://pub.dev"
    source: hosted
    version: "3.2.3"
  cached_network_image_platform_interface:
    dependency: transitive
    description:
      name: cached_network_image_platform_interface
      sha256: bb2b8403b4ccdc60ef5f25c70dead1f3d32d24b9d6117cfc087f496b178594a7
      url: "https://pub.dev"
    source: hosted
    version: "2.0.0"
  cached_network_image_web:
    dependency: transitive
    description:
      name: cached_network_image_web
      sha256: b8eb814ebfcb4dea049680f8c1ffb2df399e4d03bf7a352c775e26fa06e02fa0
      url: "https://pub.dev"
    source: hosted
    version: "1.0.2"
  carousel_slider:
    dependency: "direct main"
    description:
      name: carousel_slider
      sha256: "869a3f4f2ad0e8d029d9cefd20d2cafd0a50847b74e7aab3a8eec662b0c7d2ee"
      url: "https://pub.dev"
    source: hosted
    version: "4.1.1"
  channel_talk_flutter:
    dependency: "direct main"
    description:
      name: channel_talk_flutter
      sha256: "96b6f310d21a7b9e2fa53d1df24336899623887712fcdcd1aa22c9f15f903adf"
      url: "https://pub.dev"
    source: hosted
    version: "2.4.0"
  characters:
    dependency: transitive
    description:
      name: characters
      sha256: "04a925763edad70e8443c99234dc3328f442e811f1d8fd1a72f1c8ad0f69a605"
      url: "https://pub.dev"
    source: hosted
    version: "1.3.0"
  chewie:
    dependency: transitive
    description:
      name: chewie
      sha256: e9da4898ee4859825404f507969f57113c04ca0060e152b95c9afd73934126ad
      url: "https://pub.dev"
    source: hosted
    version: "1.4.0"
  clock:
    dependency: transitive
    description:
      name: clock
      sha256: cb6d7f03e1de671e34607e909a7213e31d7752be4fb66a86d29fe1eb14bfb5cf
      url: "https://pub.dev"
    source: hosted
    version: "1.1.1"
  collection:
    dependency: transitive
    description:
      name: collection
      sha256: "4a07be6cb69c84d677a6c3096fcf960cc3285a8330b4603e0d463d15d9bd934c"
      url: "https://pub.dev"
    source: hosted
    version: "1.17.1"
  convert:
    dependency: transitive
    description:
      name: convert
      sha256: "196284f26f69444b7f5c50692b55ec25da86d9e500451dc09333bf2e3ad69259"
      url: "https://pub.dev"
    source: hosted
    version: "3.0.2"
  cross_file:
    dependency: transitive
    description:
      name: cross_file
      sha256: "7632a2bcddc8cef4afde3c6f80e69b29a7060e176f01119c229fe4eb3a2a3d4f"
      url: "https://pub.dev"
    source: hosted
    version: "0.3.3+1"
  crypto:
    dependency: "direct main"
    description:
      name: crypto
      sha256: aa274aa7774f8964e4f4f38cc994db7b6158dd36e9187aaceaddc994b35c6c67
      url: "https://pub.dev"
    source: hosted
    version: "3.0.2"
  csslib:
    dependency: transitive
    description:
      name: csslib
      sha256: b36c7f7e24c0bdf1bf9a3da461c837d1de64b9f8beb190c9011d8c72a3dfd745
      url: "https://pub.dev"
    source: hosted
    version: "0.17.2"
  cupertino_icons:
    dependency: "direct main"
    description:
      name: cupertino_icons
      sha256: e35129dc44c9118cee2a5603506d823bab99c68393879edb440e0090d07586be
      url: "https://pub.dev"
    source: hosted
    version: "1.0.5"
  dio:
    dependency: "direct main"
    description:
      name: dio
      sha256: "7d328c4d898a61efc3cd93655a0955858e29a0aa647f0f9e02d59b3bb275e2e8"
      url: "https://pub.dev"
    source: hosted
    version: "4.0.6"
  dotted_border:
    dependency: "direct main"
    description:
      name: dotted_border
      sha256: "71cca7a3381fac159101e6996ec48a7a0a73e46f6214a3bbc75b9ba49ab87aed"
      url: "https://pub.dev"
    source: hosted
    version: "2.0.0+2"
  dropdown_button2:
    dependency: "direct main"
    description:
      name: dropdown_button2
      sha256: "60e48954328b15a87f2f11bd9250b56faae8b6fe392aeb5f53502027bcdcc124"
      url: "https://pub.dev"
    source: hosted
    version: "1.6.3"
  easy_rich_text:
    dependency: "direct main"
    description:
      name: easy_rich_text
      sha256: fd53cbff08004c46cf2259ffe1944933b0e810723be0b7cdf9073083d630fd16
      url: "https://pub.dev"
    source: hosted
    version: "1.1.0"
  encrypt:
    dependency: transitive
    description:
      name: encrypt
      sha256: "4fd4e4fdc21b9d7d4141823e1e6515cd94e7b8d84749504c232999fba25d9bbb"
      url: "https://pub.dev"
    source: hosted
    version: "5.0.1"
  fake_async:
    dependency: transitive
    description:
      name: fake_async
      sha256: "511392330127add0b769b75a987850d136345d9227c6b94c96a04cf4a391bf78"
      url: "https://pub.dev"
    source: hosted
    version: "1.3.1"
  ffi:
    dependency: transitive
    description:
      name: ffi
      sha256: a38574032c5f1dd06c4aee541789906c12ccaab8ba01446e800d9c5b79c4a978
      url: "https://pub.dev"
    source: hosted
    version: "2.0.1"
  file:
    dependency: "direct main"
    description:
      name: file
      sha256: "1b92bec4fc2a72f59a8e15af5f52cd441e4a7860b49499d69dfa817af20e925d"
      url: "https://pub.dev"
    source: hosted
    version: "6.1.4"
  firebase_auth:
    dependency: "direct main"
    description:
      name: firebase_auth
      sha256: ac3c7c8022c1032c1dc7d16e62db1d6f1e2fbdc8c1039ee706d8deb45eca3a42
      url: "https://pub.dev"
    source: hosted
    version: "4.2.5"
  firebase_auth_platform_interface:
    dependency: transitive
    description:
      name: firebase_auth_platform_interface
      sha256: "325d934e21826b3e7030f5018ef61927e2083b4c4fb25218ddef6ffc0012b717"
      url: "https://pub.dev"
    source: hosted
    version: "6.11.7"
  firebase_auth_web:
    dependency: transitive
    description:
      name: firebase_auth_web
      sha256: "3fb9fafcd3541005a309c1a696f7df6294893a0c44f010f4ed1b0ded4793c858"
      url: "https://pub.dev"
    source: hosted
    version: "5.2.4"
  firebase_core:
    dependency: "direct main"
    description:
      name: firebase_core
      sha256: c129209ba55f3d4272c89fb4a4994c15bea77fb6de63a82d45fb6bc5c94e4355
      url: "https://pub.dev"
    source: hosted
    version: "2.4.1"
  firebase_core_platform_interface:
    dependency: transitive
    description:
      name: firebase_core_platform_interface
      sha256: "5fab93f5b354648efa62e7cc829c90efb68c8796eecf87e0888cae2d5f3accd4"
      url: "https://pub.dev"
    source: hosted
    version: "4.5.2"
  firebase_core_web:
    dependency: transitive
    description:
      name: firebase_core_web
      sha256: "18b35ce111b0a4266abf723c825bcf9d4e2519d13638cc7f06f2a8dd960c75bc"
      url: "https://pub.dev"
    source: hosted
    version: "2.1.0"
  flutter:
    dependency: "direct main"
    description: flutter
    source: sdk
    version: "0.0.0"
  flutter_blurhash:
    dependency: transitive
    description:
      name: flutter_blurhash
      sha256: "05001537bd3fac7644fa6558b09ec8c0a3f2eba78c0765f88912882b1331a5c6"
      url: "https://pub.dev"
    source: hosted
    version: "0.7.0"
  flutter_cache_manager:
    dependency: transitive
    description:
      name: flutter_cache_manager
      sha256: "32cd900555219333326a2d0653aaaf8671264c29befa65bbd9856d204a4c9fb3"
      url: "https://pub.dev"
    source: hosted
    version: "3.3.0"
  flutter_image_compress:
    dependency: "direct main"
    description:
      name: flutter_image_compress
      sha256: "8de83154d83b00100e53ea7a9d8e9326a985fc8d3894abf0193eb71f2268a70c"
      url: "https://pub.dev"
    source: hosted
    version: "1.1.0"
  flutter_inappwebview:
    dependency: transitive
    description:
      name: flutter_inappwebview
      sha256: dcbaeeac2e47d5c4649a456b009a2fe230f9c35e33c3124ca16f868b4c789a2e
      url: "https://pub.dev"
    source: hosted
    version: "5.4.3+7"
  flutter_lints:
    dependency: "direct dev"
    description:
      name: flutter_lints
      sha256: aeb0b80a8b3709709c9cc496cdc027c5b3216796bc0af0ce1007eaf24464fd4c
      url: "https://pub.dev"
    source: hosted
    version: "2.0.1"
  flutter_native_splash:
    dependency: "direct main"
    description:
      name: flutter_native_splash
      sha256: "6777a3abb974021a39b5fdd2d46a03ca390e03903b6351f21d10e7ecc969f12d"
      url: "https://pub.dev"
    source: hosted
    version: "2.2.16"
  flutter_naver_login:
    dependency: "direct main"
    description:
      name: flutter_naver_login
      sha256: "5519b78332b74e72d88865b8e107f5a4b00a6ce5b3a19ce13b0723b2c5b66474"
      url: "https://pub.dev"
    source: hosted
    version: "1.6.0"
  flutter_plugin_android_lifecycle:
    dependency: transitive
    description:
      name: flutter_plugin_android_lifecycle
      sha256: "60fc7b78455b94e6de2333d2f95196d32cf5c22f4b0b0520a628804cb463503b"
      url: "https://pub.dev"
    source: hosted
    version: "2.0.7"
  flutter_screenutil:
    dependency: "direct main"
    description:
      name: flutter_screenutil
      sha256: "0a122936b450324cbdfd51be0819cc6fcebb093eb65585e9cd92263f7a1a8a39"
      url: "https://pub.dev"
    source: hosted
    version: "5.7.0"
  flutter_secure_storage:
    dependency: "direct main"
    description:
      name: flutter_secure_storage
      sha256: "1b7c2f80ee41861543bc63fee56122a114129c15234731312418ca1eda7d3d7f"
      url: "https://pub.dev"
    source: hosted
    version: "5.0.2"
  flutter_secure_storage_linux:
    dependency: transitive
    description:
      name: flutter_secure_storage_linux
      sha256: c6e57a7c000a95e58b4282500cf88df61c57c3b199a390b4f6b458abc40aba0a
      url: "https://pub.dev"
    source: hosted
    version: "1.1.0"
  flutter_secure_storage_macos:
    dependency: transitive
    description:
      name: flutter_secure_storage_macos
      sha256: e3c29bf81b8179477d662a9c7c15ea4402876a1eafcb02407227d46bbb86cd20
      url: "https://pub.dev"
    source: hosted
    version: "1.1.0"
  flutter_secure_storage_platform_interface:
    dependency: transitive
    description:
      name: flutter_secure_storage_platform_interface
      sha256: "9af003dec5ba9f959300fd76ac8adf5608fbfbc957cdd7a987af206a8e073b32"
      url: "https://pub.dev"
    source: hosted
    version: "1.0.0"
  flutter_secure_storage_web:
    dependency: transitive
    description:
      name: flutter_secure_storage_web
      sha256: "926716d84eb45220cb1783af629093301613f5e5b51da7c1813e430d69bd716f"
      url: "https://pub.dev"
    source: hosted
    version: "1.0.2"
  flutter_secure_storage_windows:
    dependency: transitive
    description:
      name: flutter_secure_storage_windows
      sha256: cf9fd49c2807f80dc01f449592e1e7971a3697d1e248b653efb8323536dc2961
      url: "https://pub.dev"
    source: hosted
    version: "1.1.2"
  flutter_svg:
    dependency: "direct main"
    description:
      name: flutter_svg
      sha256: "12006889e2987c549c4c1ec1a5ba4ec4b24d34d2469ee5f9476c926dcecff266"
      url: "https://pub.dev"
    source: hosted
    version: "2.0.4"
  flutter_switch:
    dependency: "direct main"
    description:
      name: flutter_switch
      sha256: b91477f926bba135d2d203d7b24367492662d8d9c3aa6adb960b14c1087d3c41
      url: "https://pub.dev"
    source: hosted
    version: "0.3.2"
  flutter_test:
    dependency: "direct dev"
    description: flutter
    source: sdk
    version: "0.0.0"
  flutter_web_auth:
    dependency: "direct main"
    description:
      name: flutter_web_auth
      sha256: "1becc47ee73009e9ea19402e2194c35dda2b2fbbe2023894df97c8caa4781335"
      url: "https://pub.dev"
    source: hosted
    version: "0.4.1"
  flutter_web_plugins:
    dependency: transitive
    description: flutter
    source: sdk
    version: "0.0.0"
  flutter_widget_from_html:
    dependency: "direct main"
    description:
      name: flutter_widget_from_html
      sha256: "5a6b8c1e777be8881f27d97aae55d501935153545b9c4eaffacc9d008be34a1c"
      url: "https://pub.dev"
    source: hosted
    version: "0.10.0"
  flutter_widget_from_html_core:
    dependency: transitive
    description:
      name: flutter_widget_from_html_core
      sha256: "2ee1f47662f5ba34fe535915b034fae0450bc0a15ae6935ca4abcc7fa987e948"
      url: "https://pub.dev"
    source: hosted
    version: "0.10.0"
  flutter_woocommerce_api:
    dependency: "direct main"
    description:
      path: "../flutter_woocommerce_api"
      relative: true
    source: path
    version: "0.0.1"
  fwfh_cached_network_image:
    dependency: transitive
    description:
      name: fwfh_cached_network_image
      sha256: a9c0ec9606b2d5935162c69cdb65ad22f455e9cf705919d8ceff89251b7ac16f
      url: "https://pub.dev"
    source: hosted
    version: "0.7.0+4"
  fwfh_chewie:
    dependency: transitive
    description:
      name: fwfh_chewie
      sha256: "2613881a1b1ffa09bb6c0a45510b832fde4a29d8aa70620f41b6e0587fffa7ab"
      url: "https://pub.dev"
    source: hosted
    version: "0.7.1+1"
  fwfh_just_audio:
    dependency: transitive
    description:
      name: fwfh_just_audio
      sha256: "1f09918053cf828954061cf55c179e67fb79f87c936cd2c7c9edbb4a9477959e"
      url: "https://pub.dev"
    source: hosted
    version: "0.9.0+1"
  fwfh_svg:
    dependency: transitive
    description:
      name: fwfh_svg
      sha256: "3e814d081092ae0cd001956e5097a2de81bac12025d2382e51bab03d7d21fdb2"
      url: "https://pub.dev"
    source: hosted
    version: "0.8.0+1"
  fwfh_text_style:
    dependency: transitive
    description:
      name: fwfh_text_style
      sha256: "37806ee0222f79b6e8d4c698c322c897eae6a817258156f40aeece4e588fac60"
      url: "https://pub.dev"
    source: hosted
    version: "2.22.08+1"
  fwfh_url_launcher:
    dependency: transitive
    description:
      name: fwfh_url_launcher
      sha256: a1c578fde803fc8d00e886e976df94f7ada120d6cbbdd2149d71122dfb337703
      url: "https://pub.dev"
    source: hosted
    version: "0.9.0+1"
  fwfh_webview:
    dependency: transitive
    description:
      name: fwfh_webview
      sha256: ac35568bbef93b5f811c2e9f2b0cf9b6f1e20d4effc70ccbf52ca3c703047c9f
      url: "https://pub.dev"
    source: hosted
    version: "0.7.0+1"
  geocoding:
    dependency: transitive
    description:
      name: geocoding
      sha256: "0d7e4a15f1f9b9bc2b0a9898aab0e014ef0534a24e0d8ad73fedfaedd384ca3b"
      url: "https://pub.dev"
    source: hosted
    version: "2.0.4"
  geocoding_platform_interface:
    dependency: transitive
    description:
      name: geocoding_platform_interface
      sha256: "8848605d307d844d89937cdb4b8ad7dfa880552078f310fa24d8a460f6dddab4"
      url: "https://pub.dev"
    source: hosted
    version: "2.0.1"
  get:
    dependency: "direct main"
    description:
      name: get
      sha256: "2ba20a47c8f1f233bed775ba2dd0d3ac97b4cf32fc17731b3dfc672b06b0e92a"
      url: "https://pub.dev"
    source: hosted
    version: "4.6.5"
  google_sign_in:
    dependency: "direct main"
    description:
      name: google_sign_in
      sha256: a8a411a395935e0cef56172298dfeaa7f3556babc56912d98a3b761106a470c2
      url: "https://pub.dev"
    source: hosted
    version: "5.4.0"
  google_sign_in_android:
    dependency: transitive
    description:
      name: google_sign_in_android
      sha256: "23f5f2ac9c007bf0cf02380baaa67fff039efbf38b7a2a285c376c753f9767fa"
      url: "https://pub.dev"
    source: hosted
    version: "6.0.1"
  google_sign_in_ios:
    dependency: transitive
    description:
      name: google_sign_in_ios
      sha256: "8b80074ccda41b62553010b311506f5022f7d2701e4f22765546b3125450f9f3"
      url: "https://pub.dev"
    source: hosted
    version: "5.4.0"
  google_sign_in_platform_interface:
    dependency: transitive
    description:
      name: google_sign_in_platform_interface
      sha256: "252d0fadcd1e7939f1e00602eca1020b585d448aaa4b87c33137ca8717cd9e87"
      url: "https://pub.dev"
    source: hosted
    version: "2.2.0"
  google_sign_in_web:
    dependency: transitive
    description:
      name: google_sign_in_web
      sha256: "5b35c221169a7b3e0fc15043ac09102ef542300ef92f2e1f05d5d8efde263af5"
      url: "https://pub.dev"
    source: hosted
    version: "0.10.2"
  hexcolor:
    dependency: "direct main"
    description:
      name: hexcolor
      sha256: e572c3346f4b26422a281dc4c10f83022131f56f7364837671b50f53c7adc5e7
      url: "https://pub.dev"
    source: hosted
    version: "2.0.7"
  html:
    dependency: "direct main"
    description:
      name: html
      sha256: d9793e10dbe0e6c364f4c59bf3e01fb33a9b2a674bc7a1081693dba0614b6269
      url: "https://pub.dev"
    source: hosted
    version: "0.15.1"
  http:
    dependency: "direct main"
    description:
      name: http
      sha256: "6aa2946395183537c8b880962d935877325d6a09a2867c3970c05c0fed6ac482"
      url: "https://pub.dev"
    source: hosted
    version: "0.13.5"
  http_parser:
    dependency: transitive
    description:
      name: http_parser
      sha256: db3060f22889f3d9d55f6a217565486737037eec3609f7f3eca4d0c67ee0d8a0
      url: "https://pub.dev"
    source: hosted
    version: "4.0.1"
  iamport_flutter:
    dependency: "direct main"
    description:
      name: iamport_flutter
      sha256: "88dcda9d127e9dee2ca0b1f4407e3c51bd9e5a8f36a4f81688361b227064cb63"
      url: "https://pub.dev"
    source: hosted
    version: "0.10.1+4"
  iamport_webview_flutter:
    dependency: transitive
    description:
      name: iamport_webview_flutter
      sha256: "6d7407ba9bbbecbd8c32e4c7bfeb251b23070931bbda5dfc3489db2bfcee1e88"
      url: "https://pub.dev"
    source: hosted
    version: "3.0.4"
  image:
    dependency: "direct main"
    description:
      name: image
      sha256: "8e9d133755c3e84c73288363e6343157c383a0c6c56fc51afcc5d4d7180306d6"
      url: "https://pub.dev"
    source: hosted
    version: "3.3.0"
  image_picker:
    dependency: "direct main"
    description:
      name: image_picker
      sha256: f3712cd190227fb92e0960cb0ce22928ba042c7183b16864ade83b259adf8ea6
      url: "https://pub.dev"
    source: hosted
    version: "0.8.5+3"
  image_picker_android:
    dependency: transitive
    description:
      name: image_picker_android
      sha256: "2d4c2634731ced2debc2a36273351dd1cb68080d505c12c472b0dc0657cd853c"
      url: "https://pub.dev"
    source: hosted
    version: "0.8.5+1"
  image_picker_for_web:
    dependency: transitive
    description:
      name: image_picker_for_web
      sha256: "60f306ffbdcada4bc8b2691acc420258a1b758e102c87c4f94fb568d640f0e0e"
      url: "https://pub.dev"
    source: hosted
    version: "2.1.8"
  image_picker_ios:
    dependency: transitive
    description:
      name: image_picker_ios
      sha256: aee8b90c2fb018e18cbb437da661d0531a5346d49cab2d5c4a65ebaf026bbd33
      url: "https://pub.dev"
    source: hosted
    version: "0.8.5+6"
  image_picker_platform_interface:
    dependency: transitive
    description:
      name: image_picker_platform_interface
      sha256: b5cfa6b0364979411dfbd3a68bd874452eff22344f184f92af79bddc4acf4742
      url: "https://pub.dev"
    source: hosted
    version: "2.5.0"
  intl:
    dependency: "direct main"
    description:
      name: intl
      sha256: "910f85bce16fb5c6f614e117efa303e85a1731bb0081edf3604a2ae6e9a3cc91"
      url: "https://pub.dev"
    source: hosted
    version: "0.17.0"
  js:
    dependency: transitive
    description:
      name: js
      sha256: f2c445dce49627136094980615a031419f7f3eb393237e4ecd97ac15dea343f3
      url: "https://pub.dev"
    source: hosted
    version: "0.6.7"
  json_annotation:
    dependency: "direct main"
    description:
      name: json_annotation
      sha256: cb314f00b2488de7bc575207e54402cd2f92363f333a7933fd1b0631af226baa
      url: "https://pub.dev"
    source: hosted
    version: "4.6.0"
  just_audio:
    dependency: transitive
    description:
      name: just_audio
      sha256: "7e6d31508dacd01a066e3889caf6282e5f1eb60707c230203b21a83af5c55586"
      url: "https://pub.dev"
    source: hosted
    version: "0.9.32"
  just_audio_platform_interface:
    dependency: transitive
    description:
      name: just_audio_platform_interface
      sha256: eff112d5138bea3ba544b6338b1e0537a32b5e1425e4d0dc38f732771cda7c84
      url: "https://pub.dev"
    source: hosted
    version: "4.2.0"
  just_audio_web:
    dependency: transitive
    description:
      name: just_audio_web
      sha256: "89d8db6f19f3821bb6bf908c4bfb846079afb2ab575b783d781a6bf119e3abaf"
      url: "https://pub.dev"
    source: hosted
    version: "0.4.7"
  just_the_tooltip:
    dependency: "direct main"
    description:
      name: just_the_tooltip
      sha256: "7a081133d57285bfb41b331f411006d57b433d7b35772e6155745f6a7a09cb82"
      url: "https://pub.dev"
    source: hosted
    version: "0.0.12"
  kakao_flutter_sdk:
    dependency: "direct main"
    description:
      name: kakao_flutter_sdk
      sha256: "6f95ee7d8f809f6df4b804e9436d497558f49ff864224157d5bbb502004dcab2"
      url: "https://pub.dev"
    source: hosted
    version: "1.2.1"
  kakao_flutter_sdk_auth:
    dependency: transitive
    description:
      name: kakao_flutter_sdk_auth
      sha256: fb52b9d11f376fff4b40486dde5c8ad56719813aae7d2021b6ab9cbec33cf5a8
      url: "https://pub.dev"
    source: hosted
    version: "1.2.1"
  kakao_flutter_sdk_common:
    dependency: transitive
    description:
      name: kakao_flutter_sdk_common
      sha256: d8e8950fca6808d02cfd1ce290998fac5c36f34ac47f623b19c1516c6b6def1b
      url: "https://pub.dev"
    source: hosted
    version: "1.2.1"
  kakao_flutter_sdk_navi:
    dependency: transitive
    description:
      name: kakao_flutter_sdk_navi
      sha256: "5887e17d43810ca0525ba722465153c48dffb048003a72363e5594bc909f9b14"
      url: "https://pub.dev"
    source: hosted
    version: "1.2.1"
  kakao_flutter_sdk_share:
    dependency: transitive
    description:
      name: kakao_flutter_sdk_share
      sha256: "59bb552bd74feb0f9635e0422503f84e2d456d9929da88a6e6bb6ba2c630fbea"
      url: "https://pub.dev"
    source: hosted
    version: "1.2.1"
  kakao_flutter_sdk_story:
    dependency: transitive
    description:
      name: kakao_flutter_sdk_story
      sha256: e8f3c440f8bf3dca9099269d4c4a9a7ea58050933880a65285824354fc3c6439
      url: "https://pub.dev"
    source: hosted
    version: "1.2.1"
  kakao_flutter_sdk_talk:
    dependency: transitive
    description:
      name: kakao_flutter_sdk_talk
      sha256: e45a392f1653b12c8b800b29af1c093458fb0d3bc9b61465840aee7a168ae923
      url: "https://pub.dev"
    source: hosted
    version: "1.2.1"
  kakao_flutter_sdk_template:
    dependency: transitive
    description:
      name: kakao_flutter_sdk_template
      sha256: a0c13b61cc2b0d33d6ae8ba6118d2487a10cfb15ddac90c59c37f0fcbf942c9b
      url: "https://pub.dev"
    source: hosted
    version: "1.2.1"
  kakao_flutter_sdk_user:
    dependency: transitive
    description:
      name: kakao_flutter_sdk_user
      sha256: b9716ea375fb120905d1a15be2c21e2610423963c82cacbfbf448bdd9e66dd6c
      url: "https://pub.dev"
    source: hosted
    version: "1.2.1"
  kpostal:
    dependency: "direct main"
    description:
      name: kpostal
      sha256: "3a984b7962b68394ef1fafb0b0bda3f59d69fe71801628529f9cfa669634518b"
      url: "https://pub.dev"
    source: hosted
    version: "0.4.2"
  lints:
    dependency: transitive
    description:
      name: lints
      sha256: "5cfd6509652ff5e7fe149b6df4859e687fca9048437857cb2e65c8d780f396e3"
      url: "https://pub.dev"
    source: hosted
    version: "2.0.0"
  matcher:
    dependency: transitive
    description:
      name: matcher
      sha256: "6501fbd55da300384b768785b83e5ce66991266cec21af89ab9ae7f5ce1c4cbb"
      url: "https://pub.dev"
    source: hosted
    version: "0.12.15"
  material_color_utilities:
    dependency: transitive
    description:
      name: material_color_utilities
      sha256: d92141dc6fe1dad30722f9aa826c7fbc896d021d792f80678280601aff8cf724
      url: "https://pub.dev"
    source: hosted
    version: "0.2.0"
  meta:
    dependency: transitive
    description:
      name: meta
      sha256: "3c74dbf8763d36539f114c799d8a2d87343b5067e9d796ca22b5eb8437090ee3"
      url: "https://pub.dev"
    source: hosted
    version: "1.9.1"
  nested:
    dependency: transitive
    description:
      name: nested
      sha256: "03bac4c528c64c95c722ec99280375a6f2fc708eec17c7b3f07253b626cd2a20"
      url: "https://pub.dev"
    source: hosted
    version: "1.0.0"
  octo_image:
    dependency: transitive
    description:
      name: octo_image
      sha256: "107f3ed1330006a3bea63615e81cf637433f5135a52466c7caa0e7152bca9143"
      url: "https://pub.dev"
    source: hosted
    version: "1.0.2"
  package_info_plus:
    dependency: transitive
    description:
      name: package_info_plus
      sha256: e2828c44c7fd0d5376b9b5b4c9f1cd9534042df8de43869f9d841da74f5cb4bf
      url: "https://pub.dev"
    source: hosted
    version: "1.4.3"
  package_info_plus_linux:
    dependency: transitive
    description:
      name: package_info_plus_linux
      sha256: "04b575f44233d30edbb80a94e57cad9107aada334fc02aabb42b6becd13c43fc"
      url: "https://pub.dev"
    source: hosted
    version: "1.0.5"
  package_info_plus_macos:
    dependency: transitive
    description:
      name: package_info_plus_macos
      sha256: a2ad8b4acf4cd479d4a0afa5a74ea3f5b1c7563b77e52cc32b3ee6956d5482a6
      url: "https://pub.dev"
    source: hosted
    version: "1.3.0"
  package_info_plus_platform_interface:
    dependency: transitive
    description:
      name: package_info_plus_platform_interface
      sha256: f7a0c8f1e7e981bc65f8b64137a53fd3c195b18d429fba960babc59a5a1c7ae8
      url: "https://pub.dev"
    source: hosted
    version: "1.0.2"
  package_info_plus_web:
    dependency: transitive
    description:
      name: package_info_plus_web
      sha256: d652f0a865d2da52856e2001c53e83fe34a6009cd8d8751d38cf8173c0abf906
      url: "https://pub.dev"
    source: hosted
    version: "1.0.5"
  package_info_plus_windows:
    dependency: transitive
    description:
      name: package_info_plus_windows
      sha256: "81f4717b58d33707a2524011fc5cc4d8ba7774639dd894319d27f1ebed94856d"
      url: "https://pub.dev"
    source: hosted
    version: "2.0.0"
  path:
    dependency: transitive
    description:
      name: path
      sha256: "8829d8a55c13fc0e37127c29fedf290c102f4e40ae94ada574091fe0ff96c917"
      url: "https://pub.dev"
    source: hosted
    version: "1.8.3"
  path_drawing:
    dependency: transitive
    description:
      name: path_drawing
      sha256: a19347362f85a45aadf6bdfa3c04f18ff6676c445375eecd6251f9e09b9db551
      url: "https://pub.dev"
    source: hosted
    version: "1.0.0"
  path_parsing:
    dependency: transitive
    description:
      name: path_parsing
      sha256: e3e67b1629e6f7e8100b367d3db6ba6af4b1f0bb80f64db18ef1fbabd2fa9ccf
      url: "https://pub.dev"
    source: hosted
    version: "1.0.1"
  path_provider:
    dependency: transitive
    description:
      name: path_provider
      sha256: c7edf82217d4b2952b2129a61d3ad60f1075b9299e629e149a8d2e39c2e6aad4
      url: "https://pub.dev"
    source: hosted
    version: "2.0.14"
  path_provider_android:
    dependency: transitive
    description:
      name: path_provider_android
      sha256: "019f18c9c10ae370b08dce1f3e3b73bc9f58e7f087bb5e921f06529438ac0ae7"
      url: "https://pub.dev"
    source: hosted
    version: "2.0.24"
  path_provider_foundation:
    dependency: transitive
    description:
      name: path_provider_foundation
      sha256: "818b2dc38b0f178e0ea3f7cf3b28146faab11375985d815942a68eee11c2d0f7"
      url: "https://pub.dev"
    source: hosted
    version: "2.2.1"
  path_provider_linux:
    dependency: transitive
    description:
      name: path_provider_linux
      sha256: ab0987bf95bc591da42dffb38c77398fc43309f0b9b894dcc5d6f40c4b26c379
      url: "https://pub.dev"
    source: hosted
    version: "2.1.7"
  path_provider_platform_interface:
    dependency: transitive
    description:
      name: path_provider_platform_interface
      sha256: "27dc7a224fcd07444cb5e0e60423ccacea3e13cf00fc5282ac2c918132da931d"
      url: "https://pub.dev"
    source: hosted
    version: "2.0.4"
  path_provider_windows:
    dependency: transitive
    description:
      name: path_provider_windows
      sha256: "999d3dc2ac03ca3f8433018efa40b73558fa4f9759bf8383a217861d120c7d74"
      url: "https://pub.dev"
    source: hosted
    version: "2.1.0"
  pedantic:
    dependency: transitive
    description:
      name: pedantic
      sha256: "67fc27ed9639506c856c840ccce7594d0bdcd91bc8d53d6e52359449a1d50602"
      url: "https://pub.dev"
    source: hosted
    version: "1.11.1"
  petitparser:
    dependency: transitive
    description:
      name: petitparser
      sha256: "2ebb289dc4764ec397f5cd3ca9881c6d17196130a7d646ed022a0dd9c2e25a71"
      url: "https://pub.dev"
    source: hosted
    version: "5.0.0"
  platform:
    dependency: "direct main"
    description:
      name: platform
      sha256: "4a451831508d7d6ca779f7ac6e212b4023dd5a7d08a27a63da33756410e32b76"
      url: "https://pub.dev"
    source: hosted
    version: "3.1.0"
  plugin_platform_interface:
    dependency: transitive
    description:
      name: plugin_platform_interface
      sha256: dbf0f707c78beedc9200146ad3cb0ab4d5da13c246336987be6940f026500d3a
      url: "https://pub.dev"
    source: hosted
    version: "2.1.3"
  pointycastle:
    dependency: transitive
    description:
      name: pointycastle
      sha256: "041b249f5c70e8983ebbaff4fdea252c2af8d4912ba64b649edb17615349afef"
      url: "https://pub.dev"
    source: hosted
    version: "3.6.1"
  process:
    dependency: transitive
    description:
      name: process
      sha256: "53fd8db9cec1d37b0574e12f07520d582019cb6c44abf5479a01505099a34a09"
      url: "https://pub.dev"
    source: hosted
    version: "4.2.4"
  provider:
    dependency: "direct main"
    description:
      name: provider
      sha256: "8d7d4c2df46d6a6270a4e10404bfecb18a937e3e00f710c260d0a10415ce6b7b"
      url: "https://pub.dev"
    source: hosted
    version: "6.0.3"
  quiver:
    dependency: transitive
    description:
      name: quiver
      sha256: "93982981971e812c94d4a6fa3a57b89f9ec12b38b6380cd3c1370c3b01e4580e"
      url: "https://pub.dev"
    source: hosted
    version: "3.1.0"
  rect_getter:
    dependency: transitive
    description:
      name: rect_getter
      sha256: "1c71e4ab5fb7d83d2b14a8338f979bc9ae57eefba786e7fbc91f6746dac2193d"
      url: "https://pub.dev"
    source: hosted
    version: "1.1.0"
  rxdart:
    dependency: transitive
    description:
      name: rxdart
      sha256: "0c7c0cedd93788d996e33041ffecda924cc54389199cde4e6a34b440f50044cb"
      url: "https://pub.dev"
    source: hosted
    version: "0.27.7"
  scroll_to_index:
    dependency: transitive
    description:
      name: scroll_to_index
      sha256: "5df1597b5bfa1703c02962a7478a187a8c9dedaeb871aedbf7874ee0d58a0bba"
      url: "https://pub.dev"
    source: hosted
    version: "2.1.1"
  shared_preferences:
    dependency: "direct main"
    description:
      name: shared_preferences
      sha256: "76917b7d4b9526b2ba416808a7eb9fb2863c1a09cf63ec85f1453da240fa818a"
      url: "https://pub.dev"
    source: hosted
    version: "2.0.15"
  shared_preferences_android:
    dependency: transitive
    description:
      name: shared_preferences_android
      sha256: "853801ce6ba7429ec4e923e37317f32a57c903de50b8c33ffcfbdb7e6f0dd39c"
      url: "https://pub.dev"
    source: hosted
    version: "2.0.12"
  shared_preferences_ios:
    dependency: transitive
    description:
      name: shared_preferences_ios
      sha256: "585a14cefec7da8c9c2fb8cd283a3bb726b4155c0952afe6a0caaa7b2272de34"
      url: "https://pub.dev"
    source: hosted
    version: "2.1.1"
  shared_preferences_linux:
    dependency: transitive
    description:
      name: shared_preferences_linux
      sha256: "28aefc1261746e7bad3d09799496054beb84e8c4ffcdfed7734e17b4ada459a5"
      url: "https://pub.dev"
    source: hosted
    version: "2.1.1"
  shared_preferences_macos:
    dependency: transitive
    description:
      name: shared_preferences_macos
      sha256: fbb94bf296576f49be37a1496d5951796211a8db0aa22cc0d68c46440dad808c
      url: "https://pub.dev"
    source: hosted
    version: "2.0.4"
  shared_preferences_platform_interface:
    dependency: transitive
    description:
      name: shared_preferences_platform_interface
      sha256: "992f0fdc46d0a3c0ac2e5859f2de0e577bbe51f78a77ee8f357cbe626a2ad32d"
      url: "https://pub.dev"
    source: hosted
    version: "2.0.0"
  shared_preferences_web:
    dependency: transitive
    description:
      name: shared_preferences_web
      sha256: a4b5bc37fe1b368bbc81f953197d55e12f49d0296e7e412dfe2d2d77d6929958
      url: "https://pub.dev"
    source: hosted
    version: "2.0.4"
  shared_preferences_windows:
    dependency: transitive
    description:
      name: shared_preferences_windows
      sha256: "97f7ab9a7da96d9cf19581f5de520ceb529548498bd6b5e0ccd02d68a0d15eba"
      url: "https://pub.dev"
    source: hosted
    version: "2.1.1"
  shimmer:
    dependency: "direct main"
    description:
      name: shimmer
      sha256: "1f1009b5845a1f88f1c5630212279540486f97409e9fc3f63883e71070d107bf"
      url: "https://pub.dev"
    source: hosted
    version: "2.0.0"
  sign_in_with_apple:
    dependency: "direct main"
    description:
      name: sign_in_with_apple
      sha256: ac3b113767dfdd765078c507dad9d4d9fe96b669cc7bd88fc36fc15376fb3400
      url: "https://pub.dev"
    source: hosted
    version: "4.3.0"
  sign_in_with_apple_platform_interface:
    dependency: transitive
    description:
      name: sign_in_with_apple_platform_interface
      sha256: a5883edee09ed6be19de19e7d9f618a617fe41a6fa03f76d082dfb787e9ea18d
      url: "https://pub.dev"
    source: hosted
    version: "1.0.0"
  sign_in_with_apple_web:
    dependency: transitive
    description:
      name: sign_in_with_apple_web
      sha256: "44b66528f576e77847c14999d5e881e17e7223b7b0625a185417829e5306f47a"
      url: "https://pub.dev"
    source: hosted
    version: "1.0.1"
  simple_gesture_detector:
    dependency: transitive
    description:
      name: simple_gesture_detector
      sha256: "86d08f85f1f58583b7b4b941d989f48ea6ce08c1724a1d10954a277c2ec36592"
      url: "https://pub.dev"
    source: hosted
    version: "0.2.0"
  sky_engine:
    dependency: transitive
    description: flutter
    source: sdk
    version: "0.0.99"
  source_span:
    dependency: transitive
    description:
      name: source_span
      sha256: dd904f795d4b4f3b870833847c461801f6750a9fa8e61ea5ac53f9422b31f250
      url: "https://pub.dev"
    source: hosted
    version: "1.9.1"
  sqflite:
    dependency: transitive
    description:
      name: sqflite
      sha256: "500d6fec583d2c021f2d25a056d96654f910662c64f836cd2063167b8f1fa758"
      url: "https://pub.dev"
    source: hosted
    version: "2.2.6"
  sqflite_common:
    dependency: transitive
    description:
      name: sqflite_common
      sha256: "963dad8c4aa2f814ce7d2d5b1da2f36f31bd1a439d8f27e3dc189bb9d26bc684"
      url: "https://pub.dev"
    source: hosted
    version: "2.4.3"
  stack_trace:
    dependency: transitive
    description:
      name: stack_trace
      sha256: c3c7d8edb15bee7f0f74debd4b9c5f3c2ea86766fe4178eb2a18eb30a0bdaed5
      url: "https://pub.dev"
    source: hosted
    version: "1.11.0"
  stream_channel:
    dependency: transitive
    description:
      name: stream_channel
      sha256: "83615bee9045c1d322bbbd1ba209b7a749c2cbcdcb3fdd1df8eb488b3279c1c8"
      url: "https://pub.dev"
    source: hosted
    version: "2.1.1"
  string_scanner:
    dependency: transitive
    description:
      name: string_scanner
      sha256: "556692adab6cfa87322a115640c11f13cb77b3f076ddcc5d6ae3c20242bedcde"
      url: "https://pub.dev"
    source: hosted
    version: "1.2.0"
  synchronized:
    dependency: transitive
    description:
      name: synchronized
      sha256: "33b31b6beb98100bf9add464a36a8dd03eb10c7a8cf15aeec535e9b054aaf04b"
      url: "https://pub.dev"
    source: hosted
    version: "3.0.1"
  table_calendar:
    dependency: "direct main"
    description:
      name: table_calendar
      sha256: "382f9f27c4d83240e9e70315a6e85e2136d95b4ab120926ed30c2670a0f41be6"
      url: "https://pub.dev"
    source: hosted
    version: "3.0.6"
  term_glyph:
    dependency: transitive
    description:
      name: term_glyph
      sha256: a29248a84fbb7c79282b40b8c72a1209db169a2e0542bce341da992fe1bc7e84
      url: "https://pub.dev"
    source: hosted
    version: "1.2.1"
  test_api:
    dependency: transitive
    description:
      name: test_api
      sha256: eb6ac1540b26de412b3403a163d919ba86f6a973fe6cc50ae3541b80092fdcfb
      url: "https://pub.dev"
    source: hosted
    version: "0.5.1"
  typed_data:
    dependency: transitive
    description:
      name: typed_data
      sha256: "26f87ade979c47a150c9eaab93ccd2bebe70a27dc0b4b29517f2904f04eb11a5"
      url: "https://pub.dev"
    source: hosted
    version: "1.3.1"
  uni_links:
    dependency: transitive
    description:
      name: uni_links
      sha256: "051098acfc9e26a9fde03b487bef5d3d228ca8f67693480c6f33fd4fbb8e2b6e"
      url: "https://pub.dev"
    source: hosted
    version: "0.5.1"
  uni_links_platform_interface:
    dependency: transitive
    description:
      name: uni_links_platform_interface
      sha256: "929cf1a71b59e3b7c2d8a2605a9cf7e0b125b13bc858e55083d88c62722d4507"
      url: "https://pub.dev"
    source: hosted
    version: "1.0.0"
  uni_links_web:
    dependency: transitive
    description:
      name: uni_links_web
      sha256: "7539db908e25f67de2438e33cc1020b30ab94e66720b5677ba6763b25f6394df"
      url: "https://pub.dev"
    source: hosted
    version: "0.1.0"
  universal_io:
    dependency: transitive
    description:
      name: universal_io
      sha256: "79f78ddad839ee3aae3ec7c01eb4575faf0d5c860f8e5223bc9f9c17f7f03cef"
      url: "https://pub.dev"
    source: hosted
    version: "2.0.4"
  url_launcher:
    dependency: transitive
    description:
      name: url_launcher
      sha256: "4f0d5f9bf7efba3da5a7ff03bd33cc898c84bac978c068e1c94483828e709592"
      url: "https://pub.dev"
    source: hosted
    version: "6.1.5"
  url_launcher_android:
    dependency: transitive
    description:
      name: url_launcher_android
      sha256: "1ccd353c1bff66b49863527c02759f4d06b92744bd9777c96a00ca6a9e8e1d2f"
      url: "https://pub.dev"
    source: hosted
    version: "6.0.17"
  url_launcher_ios:
    dependency: transitive
    description:
      name: url_launcher_ios
      sha256: "6ba7dddee26c9fae27c9203c424631109d73c8fa26cfa7bc3e35e751cb87f62e"
      url: "https://pub.dev"
    source: hosted
    version: "6.0.17"
  url_launcher_linux:
    dependency: transitive
    description:
      name: url_launcher_linux
      sha256: "360fa359ab06bcb4f7c5cd3123a2a9a4d3364d4575d27c4b33468bd4497dd094"
      url: "https://pub.dev"
    source: hosted
    version: "3.0.1"
  url_launcher_macos:
    dependency: transitive
    description:
      name: url_launcher_macos
      sha256: a9b3ea9043eabfaadfa3fb89de67a11210d85569086d22b3854484beab8b3978
      url: "https://pub.dev"
    source: hosted
    version: "3.0.1"
  url_launcher_platform_interface:
    dependency: transitive
    description:
      name: url_launcher_platform_interface
      sha256: "80b860b31a11ebbcbe51b8fe887efc204f3af91522f3b51bcda4622d276d2120"
      url: "https://pub.dev"
    source: hosted
    version: "2.1.0"
  url_launcher_web:
    dependency: transitive
    description:
      name: url_launcher_web
      sha256: "15fd9dbb306d5efce57dcf62dcb1ae045fbf74079ab4464a950e099bf5800deb"
      url: "https://pub.dev"
    source: hosted
    version: "2.0.12"
  url_launcher_windows:
    dependency: transitive
    description:
      name: url_launcher_windows
      sha256: e3c3b16d3104260c10eea3b0e34272aaa57921f83148b0619f74c2eced9b7ef1
      url: "https://pub.dev"
    source: hosted
    version: "3.0.1"
  uuid:
    dependency: "direct main"
    description:
      name: uuid
      sha256: "2469694ad079893e3b434a627970c33f2fa5adc46dfe03c9617546969a9a8afc"
      url: "https://pub.dev"
    source: hosted
    version: "3.0.6"
  vector_graphics:
    dependency: transitive
    description:
      name: vector_graphics
      sha256: "4cf8e60dbe4d3a693d37dff11255a172594c0793da542183cbfe7fe978ae4aaa"
      url: "https://pub.dev"
    source: hosted
    version: "1.1.4"
  vector_graphics_codec:
    dependency: transitive
    description:
      name: vector_graphics_codec
      sha256: "278ad5f816f58b1967396d1f78ced470e3e58c9fe4b27010102c0a595c764468"
      url: "https://pub.dev"
    source: hosted
    version: "1.1.4"
  vector_graphics_compiler:
    dependency: transitive
    description:
      name: vector_graphics_compiler
      sha256: "0bf61ad56e6fd6688a2865d3ceaea396bc6a0a90ea0d7ad5049b1b76c09d6163"
      url: "https://pub.dev"
    source: hosted
    version: "1.1.4"
  vector_math:
    dependency: transitive
    description:
      name: vector_math
      sha256: "80b3257d1492ce4d091729e3a67a60407d227c27241d6927be0130c98e741803"
      url: "https://pub.dev"
    source: hosted
    version: "2.1.4"
  vertical_scrollable_tabview:
    dependency: "direct main"
    description:
      name: vertical_scrollable_tabview
      sha256: "0542353acef607f320555e7cd58bc2b4f7fcbeb328abb6c4ff4bf1b1aef94de5"
      url: "https://pub.dev"
    source: hosted
    version: "0.0.7"
  video_player:
    dependency: transitive
    description:
      name: video_player
      sha256: de95f0e9405f29b5582573d4166132e71f83b3158aac14e8ee5767a54f4f1fbd
      url: "https://pub.dev"
    source: hosted
    version: "2.6.1"
  video_player_android:
    dependency: transitive
    description:
      name: video_player_android
      sha256: a592048a711d5739d9cea2255d425779f138d41095b9149bda60ce4bc1af8871
      url: "https://pub.dev"
    source: hosted
    version: "2.4.4"
  video_player_avfoundation:
    dependency: transitive
    description:
      name: video_player_avfoundation
      sha256: af308d08c672d5ff718c60127665249617c37a709cb8f0a18dd28a0360299b7c
      url: "https://pub.dev"
    source: hosted
    version: "2.4.3"
  video_player_platform_interface:
    dependency: transitive
    description:
      name: video_player_platform_interface
      sha256: a8c4dcae2a7a6e7cc1d7f9808294d968eca1993af34a98e95b9bdfa959bec684
      url: "https://pub.dev"
    source: hosted
    version: "6.1.0"
  video_player_web:
    dependency: transitive
    description:
      name: video_player_web
      sha256: "44ce41424d104dfb7cf6982cc6b84af2b007a24d126406025bf40de5d481c74c"
      url: "https://pub.dev"
    source: hosted
    version: "2.0.16"
  wakelock:
    dependency: transitive
    description:
      name: wakelock
      sha256: "769ecf42eb2d07128407b50cb93d7c10bd2ee48f0276ef0119db1d25cc2f87db"
      url: "https://pub.dev"
    source: hosted
    version: "0.6.2"
  wakelock_macos:
    dependency: transitive
    description:
      name: wakelock_macos
      sha256: "047c6be2f88cb6b76d02553bca5a3a3b95323b15d30867eca53a19a0a319d4cd"
      url: "https://pub.dev"
    source: hosted
    version: "0.4.0"
  wakelock_platform_interface:
    dependency: transitive
    description:
      name: wakelock_platform_interface
      sha256: "1f4aeb81fb592b863da83d2d0f7b8196067451e4df91046c26b54a403f9de621"
      url: "https://pub.dev"
    source: hosted
    version: "0.3.0"
  wakelock_web:
    dependency: transitive
    description:
      name: wakelock_web
      sha256: "1b256b811ee3f0834888efddfe03da8d18d0819317f20f6193e2922b41a501b5"
      url: "https://pub.dev"
    source: hosted
    version: "0.4.0"
  wakelock_windows:
    dependency: transitive
    description:
      name: wakelock_windows
      sha256: "108b1b73711f1664ee462e73af34a9286ff496e27d4d8371e2fb4da8fde4cdac"
      url: "https://pub.dev"
    source: hosted
    version: "0.2.0"
  webview_flutter:
    dependency: "direct main"
    description:
      name: webview_flutter
      sha256: "47663d51a9061451aa3880a214ee9a65dcbb933b77bc44388e194279ab3ccaf6"
      url: "https://pub.dev"
    source: hosted
    version: "4.0.7"
  webview_flutter_android:
    dependency: transitive
    description:
      name: webview_flutter_android
      sha256: "5906c9aa8c88ed372b2ad3c88c942790b4fb16f73fdd1c0647b4d747d9cf5b3f"
      url: "https://pub.dev"
    source: hosted
    version: "3.4.5"
  webview_flutter_platform_interface:
    dependency: transitive
    description:
      name: webview_flutter_platform_interface
      sha256: "1939c39e2150fb4d30fd3cc59a891a49fed9935db53007df633ed83581b6117b"
      url: "https://pub.dev"
    source: hosted
    version: "2.1.0"
  webview_flutter_wkwebview:
    dependency: transitive
    description:
      name: webview_flutter_wkwebview
      sha256: d601aba11ad8d4481e17a34a76fa1d30dee92dcbbe2c58b0df3120e9453099c7
      url: "https://pub.dev"
    source: hosted
    version: "3.2.3"
  win32:
    dependency: transitive
    description:
      name: win32
      sha256: "6b75ac2ddd42f5c226fdaf4498a2b04071c06f1f2b8f7ab1c3f77cc7f2285ff1"
      url: "https://pub.dev"
    source: hosted
    version: "2.7.0"
  xdg_directories:
    dependency: transitive
    description:
      name: xdg_directories
      sha256: "060b6e1c891d956f72b5ac9463466c37cce3fa962a921532fc001e86fe93438e"
      url: "https://pub.dev"
    source: hosted
    version: "0.2.0+1"
  xml:
    dependency: transitive
    description:
      name: xml
      sha256: ac0e3f4bf00ba2708c33fbabbbe766300e509f8c82dbd4ab6525039813f7e2fb
      url: "https://pub.dev"
    source: hosted
    version: "6.1.0"
  yaml:
    dependency: transitive
    description:
      name: yaml
      sha256: "23812a9b125b48d4007117254bca50abb6c712352927eece9e155207b1db2370"
      url: "https://pub.dev"
    source: hosted
    version: "3.1.1"
sdks:
  dart: ">=3.0.0-0 <4.0.0"
  flutter: ">=3.7.0"
